PODS:
  - Flutter (1.0.0)
  - flutter_websocket_manager_plugin (0.0.1):
    - Flutter
    - Starscream (~> 3.1.1)
  - Starscream (3.1.1)

DEPENDENCIES:
  - Flutter (from `Flutter`)
  - flutter_websocket_manager_plugin (from `.symlinks/plugins/flutter_websocket_manager_plugin/ios`)

SPEC REPOS:
  trunk:
    - Starscream

EXTERNAL SOURCES:
  Flutter:
    :path: Flutter
  flutter_websocket_manager_plugin:
    :path: ".symlinks/plugins/flutter_websocket_manager_plugin/ios"

SPEC CHECKSUMS:
  Flutter: cabc95a1d2626b1b06e7179b784ebcf0c0cde467
  flutter_websocket_manager_plugin: 25bb4a98a1446f6bb21b459cfff6cbdd2dbba01d
  Starscream: 4bb2f9942274833f7b4d296a55504dcfc7edb7b0

PODFILE CHECKSUM: 657272904ca374f1ff92bc0af1c112827c45b980

COCOAPODS: 1.16.2
