PODS:
  - Flutter (1.0.0)
  - Starscream (3.1.1)
  - websocket_manager (0.0.1):
    - Flutter
    - Starscream (~> 3.1.1)

DEPENDENCIES:
  - Flutter (from `Flutter`)
  - websocket_manager (from `.symlinks/plugins/websocket_manager/ios`)

SPEC REPOS:
  trunk:
    - Starscream

EXTERNAL SOURCES:
  Flutter:
    :path: Flutter
  websocket_manager:
    :path: ".symlinks/plugins/websocket_manager/ios"

SPEC CHECKSUMS:
  Flutter: e0871f40cf51350855a761d2e70bf5af5b9b5de7
  Starscream: 4bb2f9942274833f7b4d296a55504dcfc7edb7b0
  websocket_manager: 35305606ecbf09a5222cd393a4f236527a33aabf

PODFILE CHECKSUM: 9d33b718323ba7e57e62deb10079ac3977f8a29d

COCOAPODS: 1.16.2
